
Microsoft Visual Studio Solution File, Format Version 12.00
# Visual Studio Version 16
VisualStudioVersion = 16.0.29905.134
MinimumVisualStudioVersion = 10.0.40219.1
Project("{FAE04EC0-301F-11D3-BF4B-00C04F79EFBC}") = "Quiz.Domain", "Quiz.Domain\Quiz.Domain.csproj", "{D1A7A07F-542C-46FC-9822-9976FEA1CF86}"
EndProject
Project("{FAE04EC0-301F-11D3-BF4B-00C04F79EFBC}") = "QuizEstude.ConsoleUI", "QuizEstude.ConsoleUI\QuizEstude.ConsoleUI.csproj", "{65564A85-5FD2-4C79-B81D-DC49E7CB3B19}"
EndProject
Global
	GlobalSection(SolutionConfigurationPlatforms) = preSolution
		Debug|Any CPU = Debug|Any CPU
		Release|Any CPU = Release|Any CPU
	EndGlobalSection
	GlobalSection(ProjectConfigurationPlatforms) = postSolution
		{D1A7A07F-542C-46FC-9822-9976FEA1CF86}.Debug|Any CPU.ActiveCfg = Debug|Any CPU
		{D1A7A07F-542C-46FC-9822-9976FEA1CF86}.Debug|Any CPU.Build.0 = Debug|Any CPU
		{D1A7A07F-542C-46FC-9822-9976FEA1CF86}.Release|Any CPU.ActiveCfg = Release|Any CPU
		{D1A7A07F-542C-46FC-9822-9976FEA1CF86}.Release|Any CPU.Build.0 = Release|Any CPU
		{65564A85-5FD2-4C79-B81D-DC49E7CB3B19}.Debug|Any CPU.ActiveCfg = Debug|Any CPU
		{65564A85-5FD2-4C79-B81D-DC49E7CB3B19}.Debug|Any CPU.Build.0 = Debug|Any CPU
		{65564A85-5FD2-4C79-B81D-DC49E7CB3B19}.Release|Any CPU.ActiveCfg = Release|Any CPU
		{65564A85-5FD2-4C79-B81D-DC49E7CB3B19}.Release|Any CPU.Build.0 = Release|Any CPU
	EndGlobalSection
	GlobalSection(SolutionProperties) = preSolution
		HideSolutionNode = FALSE
	EndGlobalSection
	GlobalSection(ExtensibilityGlobals) = postSolution
		SolutionGuid = {5BAE6B1D-5064-4BF6-BC3A-D35CD54B0FDF}
	EndGlobalSection
EndGlobal
